
Microsoft Visual Studio Solution File, Format Version 12.00
# Visual Studio Version 16
VisualStudioVersion = 16.0.31911.196
MinimumVisualStudioVersion = 10.0.40219.1
Project("{FAE04EC0-301F-11D3-BF4B-00C04F79EFBC}") = "Test", "Test\Test.csproj", "{5B6D4256-1B0B-4B8A-A1AB-2D584B1DBBAD}"
EndProject
Global
	GlobalSection(SolutionConfigurationPlatforms) = preSolution
		Debug|Any CPU = Debug|Any CPU
		Release|Any CPU = Release|Any CPU
	EndGlobalSection
	GlobalSection(ProjectConfigurationPlatforms) = postSolution
		{5B6D4256-1B0B-4B8A-A1AB-2D584B1DBBAD}.Debug|Any CPU.ActiveCfg = Debug|Any CPU
		{5B6D4256-1B0B-4B8A-A1AB-2D584B1DBBAD}.Debug|Any CPU.Build.0 = Debug|Any CPU
		{5B6D4256-1B0B-4B8A-A1AB-2D584B1DBBAD}.Release|Any CPU.ActiveCfg = Release|Any CPU
		{5B6D4256-1B0B-4B8A-A1AB-2D584B1DBBAD}.Release|Any CPU.Build.0 = Release|Any CPU
	EndGlobalSection
	GlobalSection(SolutionProperties) = preSolution
		HideSolutionNode = FALSE
	EndGlobalSection
	GlobalSection(ExtensibilityGlobals) = postSolution
		SolutionGuid = {D2DFECB6-5CD5-45D1-B56B-A9D91459B5E3}
	EndGlobalSection
EndGlobal
